
Microsoft Visual Studio Solution File, Format Version 12.00
# Visual Studio Version 16
VisualStudioVersion = 16.0.30309.148
MinimumVisualStudioVersion = 10.0.40219.1
Project("{FAE04EC0-301F-11D3-BF4B-00C04F79EFBC}") = "DanceAPI", "DanceAPI\DanceAPI.csproj", "{69BB9BFC-0A51-408E-BD38-F09315088560}"
EndProject
Project("{FAE04EC0-301F-11D3-BF4B-00C04F79EFBC}") = "DanceAPIDataAccess", "DanceAPIDataAccess\DanceAPIDataAccess.csproj", "{CDB1849C-C444-44D9-8203-320059512CFA}"
EndProject
Project("{FAE04EC0-301F-11D3-BF4B-00C04F79EFBC}") = "DanceAPIServices", "DanceAPIServices\DanceAPIServices.csproj", "{FA2C673B-4091-4AC3-BD5B-22C3669ED0CC}"
EndProject
Global
	GlobalSection(SolutionConfigurationPlatforms) = preSolution
		Debug|Any CPU = Debug|Any CPU
		Release|Any CPU = Release|Any CPU
	EndGlobalSection
	GlobalSection(ProjectConfigurationPlatforms) = postSolution
		{69BB9BFC-0A51-408E-BD38-F09315088560}.Debug|Any CPU.ActiveCfg = Debug|Any CPU
		{69BB9BFC-0A51-408E-BD38-F09315088560}.Debug|Any CPU.Build.0 = Debug|Any CPU
		{69BB9BFC-0A51-408E-BD38-F09315088560}.Release|Any CPU.ActiveCfg = Release|Any CPU
		{69BB9BFC-0A51-408E-BD38-F09315088560}.Release|Any CPU.Build.0 = Release|Any CPU
		{CDB1849C-C444-44D9-8203-320059512CFA}.Debug|Any CPU.ActiveCfg = Debug|Any CPU
		{CDB1849C-C444-44D9-8203-320059512CFA}.Debug|Any CPU.Build.0 = Debug|Any CPU
		{CDB1849C-C444-44D9-8203-320059512CFA}.Release|Any CPU.ActiveCfg = Release|Any CPU
		{CDB1849C-C444-44D9-8203-320059512CFA}.Release|Any CPU.Build.0 = Release|Any CPU
		{FA2C673B-4091-4AC3-BD5B-22C3669ED0CC}.Debug|Any CPU.ActiveCfg = Debug|Any CPU
		{FA2C673B-4091-4AC3-BD5B-22C3669ED0CC}.Debug|Any CPU.Build.0 = Debug|Any CPU
		{FA2C673B-4091-4AC3-BD5B-22C3669ED0CC}.Release|Any CPU.ActiveCfg = Release|Any CPU
		{FA2C673B-4091-4AC3-BD5B-22C3669ED0CC}.Release|Any CPU.Build.0 = Release|Any CPU
	EndGlobalSection
	GlobalSection(SolutionProperties) = preSolution
		HideSolutionNode = FALSE
	EndGlobalSection
	GlobalSection(ExtensibilityGlobals) = postSolution
		SolutionGuid = {CB514F0A-19ED-4076-AF41-261A83BDA84C}
	EndGlobalSection
EndGlobal
